
Microsoft Visual Studio Solution File, Format Version 12.00
# Visual Studio Version 17
VisualStudioVersion = 17.10.34607.79
MinimumVisualStudioVersion = 10.0.40219.1
Project("{9A19103F-16F7-4668-BE54-9A1E7A4F7556}") = "Workspace", "Workspace\Workspace.csproj", "{5CFFE4DD-993B-4EB5-BC5D-7C69E0B583D1}"
EndProject
Project("{FAE04EC0-301F-11D3-BF4B-00C04F79EFBC}") = "Entities", "Entities\Entities.csproj", "{FB345457-0F44-45D9-B6E9-71AE8A0DDBBE}"
EndProject
Project("{FAE04EC0-301F-11D3-BF4B-00C04F79EFBC}") = "Business", "Business\Business.csproj", "{A2269A35-0CE6-4AC9-A6D3-8C76BA50BE06}"
EndProject
Global
	GlobalSection(SolutionConfigurationPlatforms) = preSolution
		Debug|Any CPU = Debug|Any CPU
		Release|Any CPU = Release|Any CPU
	EndGlobalSection
	GlobalSection(ProjectConfigurationPlatforms) = postSolution
		{5CFFE4DD-993B-4EB5-BC5D-7C69E0B583D1}.Debug|Any CPU.ActiveCfg = Debug|Any CPU
		{5CFFE4DD-993B-4EB5-BC5D-7C69E0B583D1}.Debug|Any CPU.Build.0 = Debug|Any CPU
		{5CFFE4DD-993B-4EB5-BC5D-7C69E0B583D1}.Release|Any CPU.ActiveCfg = Release|Any CPU
		{5CFFE4DD-993B-4EB5-BC5D-7C69E0B583D1}.Release|Any CPU.Build.0 = Release|Any CPU
		{FB345457-0F44-45D9-B6E9-71AE8A0DDBBE}.Debug|Any CPU.ActiveCfg = Debug|Any CPU
		{FB345457-0F44-45D9-B6E9-71AE8A0DDBBE}.Debug|Any CPU.Build.0 = Debug|Any CPU
		{FB345457-0F44-45D9-B6E9-71AE8A0DDBBE}.Release|Any CPU.ActiveCfg = Release|Any CPU
		{FB345457-0F44-45D9-B6E9-71AE8A0DDBBE}.Release|Any CPU.Build.0 = Release|Any CPU
		{A2269A35-0CE6-4AC9-A6D3-8C76BA50BE06}.Debug|Any CPU.ActiveCfg = Debug|Any CPU
		{A2269A35-0CE6-4AC9-A6D3-8C76BA50BE06}.Debug|Any CPU.Build.0 = Debug|Any CPU
		{A2269A35-0CE6-4AC9-A6D3-8C76BA50BE06}.Release|Any CPU.ActiveCfg = Release|Any CPU
		{A2269A35-0CE6-4AC9-A6D3-8C76BA50BE06}.Release|Any CPU.Build.0 = Release|Any CPU
	EndGlobalSection
	GlobalSection(SolutionProperties) = preSolution
		HideSolutionNode = FALSE
	EndGlobalSection
	GlobalSection(ExtensibilityGlobals) = postSolution
		SolutionGuid = {6E5530F8-848B-448E-97C2-4911C1F23144}
	EndGlobalSection
EndGlobal
